
Microsoft Visual Studio Solution File, Format Version 12.00
# Visual Studio Version 16
VisualStudioVersion = 16.0.29505.145
MinimumVisualStudioVersion = 10.0.40219.1
Project("{FAE04EC0-301F-11D3-BF4B-00C04F79EFBC}") = "SshBatch", "SshBatch.csproj", "{67146075-9668-433F-B14F-5D713D1648F8}"
EndProject
Project("{FAE04EC0-301F-11D3-BF4B-00C04F79EFBC}") = "SshBatchTests", "..\SshBatchTests\SshBatchTests.csproj", "{911C1893-5343-4CDF-812D-7F8972D7808B}"
EndProject
Project("{FAE04EC0-301F-11D3-BF4B-00C04F79EFBC}") = "OldSshBatch", "..\OldSshBatch\OldSshBatch.csproj", "{F2418363-DA07-457B-9E15-9F8CC200F65F}"
EndProject
Global
	GlobalSection(SolutionConfigurationPlatforms) = preSolution
		Debug|Any CPU = Debug|Any CPU
		Release|Any CPU = Release|Any CPU
	EndGlobalSection
	GlobalSection(ProjectConfigurationPlatforms) = postSolution
		{67146075-9668-433F-B14F-5D713D1648F8}.Debug|Any CPU.ActiveCfg = Debug|Any CPU
		{67146075-9668-433F-B14F-5D713D1648F8}.Debug|Any CPU.Build.0 = Debug|Any CPU
		{67146075-9668-433F-B14F-5D713D1648F8}.Release|Any CPU.ActiveCfg = Release|Any CPU
		{67146075-9668-433F-B14F-5D713D1648F8}.Release|Any CPU.Build.0 = Release|Any CPU
		{911C1893-5343-4CDF-812D-7F8972D7808B}.Debug|Any CPU.ActiveCfg = Debug|Any CPU
		{911C1893-5343-4CDF-812D-7F8972D7808B}.Debug|Any CPU.Build.0 = Debug|Any CPU
		{911C1893-5343-4CDF-812D-7F8972D7808B}.Release|Any CPU.ActiveCfg = Release|Any CPU
		{911C1893-5343-4CDF-812D-7F8972D7808B}.Release|Any CPU.Build.0 = Release|Any CPU
		{F2418363-DA07-457B-9E15-9F8CC200F65F}.Debug|Any CPU.ActiveCfg = Debug|Any CPU
		{F2418363-DA07-457B-9E15-9F8CC200F65F}.Debug|Any CPU.Build.0 = Debug|Any CPU
		{F2418363-DA07-457B-9E15-9F8CC200F65F}.Release|Any CPU.ActiveCfg = Release|Any CPU
		{F2418363-DA07-457B-9E15-9F8CC200F65F}.Release|Any CPU.Build.0 = Release|Any CPU
	EndGlobalSection
	GlobalSection(SolutionProperties) = preSolution
		HideSolutionNode = FALSE
	EndGlobalSection
	GlobalSection(ExtensibilityGlobals) = postSolution
		SolutionGuid = {85B51204-E1E5-484F-8A36-BE3E1FDB41B2}
	EndGlobalSection
EndGlobal
